github.com/gorilla/mux v1.7.3 h1:gnP5JzjVOuiZD07fKKToCAOjS0yOpj/qPETTXCCS6hw=
github.com/gorilla/mux v1.7.3/go.mod h1:1lud6UwP+6orDFRuTfBEV8e9/aOM/c4fVVCaMa2zaAs=
github.com/stts-se/rec v0.0.0-20190516114416-fdb8f49bc4d9 h1:u8bi7vCk9bI57835NiECQW9XUg5FpiU9eQjKpvZC3/M=
github.com/stts-se/rec v0.0.0-20190516114416-fdb8f49bc4d9/go.mod h1:ck9uG2l3TdwMtiqLGRHlILrgLgxAYCIgTKVXnUqvRMc=
